
Microsoft Visual Studio Solution File, Format Version 12.00
# Visual Studio 2013
VisualStudioVersion = 12.0.30723.0
MinimumVisualStudioVersion = 10.0.40219.1
Project("{2150E333-8FDC-42A3-9474-1A3956D46DE8}") = "mvc4-building", "mvc4-building", "{3626A9C4-EDCA-4C11-BBC0-4B5439B824B6}"
EndProject
Project("{2150E333-8FDC-42A3-9474-1A3956D46DE8}") = "OdeToFood", "OdeToFood", "{0F897FE1-16AB-4F39-B64B-C9B451D699EE}"
EndProject
Project("{FAE04EC0-301F-11D3-BF4B-00C04F79EFBC}") = "OdeToFood", "mvc4-building\OdeToFood\OdeToFood\OdeToFood.csproj", "{C509AA60-7FD1-4E65-B096-B6BE81C03547}"
EndProject
Project("{FAE04EC0-301F-11D3-BF4B-00C04F79EFBC}") = "OdeToFood.Tests", "mvc4-building\OdeToFood\OdeToFood.Tests\OdeToFood.Tests.csproj", "{1B5D6E95-DFA3-4F45-B667-5A286ADEFDE9}"
EndProject
Project("{2150E333-8FDC-42A3-9474-1A3956D46DE8}") = "Solution Items", "Solution Items", "{F36B4A94-3578-4243-9052-68233E3145B0}"
	ProjectSection(SolutionItems) = preProject
		Mappings.txt = Mappings.txt
		Notes.txt = Notes.txt
	EndProjectSection
EndProject
Project("{2150E333-8FDC-42A3-9474-1A3956D46DE8}") = "mvc4", "mvc4", "{7C0E8AA8-8BF6-4351-B5A5-14CCA156AB2C}"
EndProject
Project("{2150E333-8FDC-42A3-9474-1A3956D46DE8}") = "eManager", "eManager", "{E497CF3F-A8C0-41B0-9A5D-4E67E3A87181}"
EndProject
Project("{FAE04EC0-301F-11D3-BF4B-00C04F79EFBC}") = "eManager.Dmoain", "mvc4\eManager\eManager.Dmoain\eManager.Dmoain.csproj", "{52F95AC6-F946-4E21-8213-A5D47061C08B}"
EndProject
Project("{FAE04EC0-301F-11D3-BF4B-00C04F79EFBC}") = "eManager.Web", "mvc4\eManager\eManager.Web\eManager.Web.csproj", "{8C0097CB-1C8B-4988-A1EF-B6B826D626B2}"
EndProject
Project("{2150E333-8FDC-42A3-9474-1A3956D46DE8}") = "Videos", "Videos", "{EEB9773B-40EB-40F8-9E22-4988A710A92A}"
EndProject
Project("{FAE04EC0-301F-11D3-BF4B-00C04F79EFBC}") = "Videos", "mvc4\Videos\Videos\Videos.csproj", "{552EF5E8-3848-4EF1-B97C-AEA890478ACA}"
EndProject
Project("{2150E333-8FDC-42A3-9474-1A3956D46DE8}") = "GIS", "GIS", "{B4F73EDC-A523-48F7-97E3-EB5B88F242A1}"
EndProject
Project("{FAE04EC0-301F-11D3-BF4B-00C04F79EFBC}") = "GoogleMapsApiGetStarted", "GoogleMapsApiGetStarted\GoogleMapsApiGetStarted.csproj", "{EB480F97-6399-4FCA-84C1-84E408742F66}"
EndProject
Project("{FAE04EC0-301F-11D3-BF4B-00C04F79EFBC}") = "MapBox", "GIS\MapBox\MapBox.csproj", "{0676B500-9CAA-49F3-8FE2-B8FBCF545468}"
EndProject
Project("{2150E333-8FDC-42A3-9474-1A3956D46DE8}") = "front-end-web-app-html5-javascript-css", "front-end-web-app-html5-javascript-css", "{6625F8F7-79A6-4BEE-8191-68260AF869F9}"
EndProject
Project("{FAE04EC0-301F-11D3-BF4B-00C04F79EFBC}") = "front-end-web-app-html5-javascript-css", "front-end-web-app-html5-javascript-css\front-end-web-app-html5-javascript-css\front-end-web-app-html5-javascript-css.csproj", "{D9A710CA-E0CD-4E65-97EB-372DE3FAFDAC}"
EndProject
Project("{2150E333-8FDC-42A3-9474-1A3956D46DE8}") = "node-intro", "node-intro", "{D035EEF3-D4ED-4CD4-8600-5B71E5609FE7}"
	ProjectSection(SolutionItems) = preProject
		node-intro\server.js = node-intro\server.js
		node-intro\time-out.js = node-intro\time-out.js
	EndProjectSection
EndProject
Project("{2150E333-8FDC-42A3-9474-1A3956D46DE8}") = "PPT", "PPT", "{192CF697-DF54-415D-9D37-B57610DB700B}"
	ProjectSection(SolutionItems) = preProject
		PPT\Node-JS.pptx = PPT\Node-JS.pptx
	EndProjectSection
EndProject
Project("{2150E333-8FDC-42A3-9474-1A3956D46DE8}") = "743", "743", "{B81E35DB-F95A-45B3-8EEE-A0484030E753}"
EndProject
Project("{FAE04EC0-301F-11D3-BF4B-00C04F79EFBC}") = "Transaction", "743\Transaction\Transaction.csproj", "{5E9C6BCD-C1F4-4958-B19D-006C3AB87337}"
EndProject
Project("{FAE04EC0-301F-11D3-BF4B-00C04F79EFBC}") = "Transaction.Workflow", "Transaction.Workflow\Transaction.Workflow.csproj", "{1AD91F50-D1AB-427B-AB9E-33303BA65A7F}"
EndProject
Project("{FAE04EC0-301F-11D3-BF4B-00C04F79EFBC}") = "AsyncBlobCopy.Test", "743\AsyncBlobCopy.Test\AsyncBlobCopy.Test.csproj", "{00D8339A-0F1E-435C-BDD9-50D08C846BD9}"
EndProject
Project("{FAE04EC0-301F-11D3-BF4B-00C04F79EFBC}") = "SL-to-EDT", "743\SL-to-EDT\SL-to-EDT.csproj", "{5244BE6D-39E2-4F63-8C4F-C1A7F2625A8A}"
EndProject
Project("{2150E333-8FDC-42A3-9474-1A3956D46DE8}") = "WF", "WF", "{A5DD2061-D784-4640-8ADD-CFE763378A4A}"
EndProject
Project("{2150E333-8FDC-42A3-9474-1A3956D46DE8}") = "MessageRouting", "MessageRouting", "{902F0B77-FC44-4880-9141-428276683186}"
EndProject
Project("{FAE04EC0-301F-11D3-BF4B-00C04F79EFBC}") = "Service", "WF\MessageRouting\Service\Service.csproj", "{EEE66253-F034-4CA1-A301-FCB52DAB2D78}"
EndProject
Project("{FAE04EC0-301F-11D3-BF4B-00C04F79EFBC}") = "DataContracts", "WF\MessageRouting\DataContracts\DataContracts.csproj", "{E54E5C6C-D59E-46A6-9A5C-659BC8EBE720}"
EndProject
Project("{FAE04EC0-301F-11D3-BF4B-00C04F79EFBC}") = "Workflow", "WF\MessageRouting\Workflow\Workflow.csproj", "{A91939EF-9FAD-4391-B6E2-4D317B442016}"
EndProject
Global
	GlobalSection(SolutionConfigurationPlatforms) = preSolution
		Debug|Any CPU = Debug|Any CPU
		Debug|Mixed Platforms = Debug|Mixed Platforms
		Debug|x86 = Debug|x86
		Release|Any CPU = Release|Any CPU
		Release|Mixed Platforms = Release|Mixed Platforms
		Release|x86 = Release|x86
	EndGlobalSection
	GlobalSection(ProjectConfigurationPlatforms) = postSolution
		{C509AA60-7FD1-4E65-B096-B6BE81C03547}.Debug|Any CPU.ActiveCfg = Debug|Any CPU
		{C509AA60-7FD1-4E65-B096-B6BE81C03547}.Debug|Any CPU.Build.0 = Debug|Any CPU
		{C509AA60-7FD1-4E65-B096-B6BE81C03547}.Debug|Mixed Platforms.ActiveCfg = Debug|Any CPU
		{C509AA60-7FD1-4E65-B096-B6BE81C03547}.Debug|Mixed Platforms.Build.0 = Debug|Any CPU
		{C509AA60-7FD1-4E65-B096-B6BE81C03547}.Debug|x86.ActiveCfg = Debug|Any CPU
		{C509AA60-7FD1-4E65-B096-B6BE81C03547}.Release|Any CPU.ActiveCfg = Release|Any CPU
		{C509AA60-7FD1-4E65-B096-B6BE81C03547}.Release|Any CPU.Build.0 = Release|Any CPU
		{C509AA60-7FD1-4E65-B096-B6BE81C03547}.Release|Mixed Platforms.ActiveCfg = Release|Any CPU
		{C509AA60-7FD1-4E65-B096-B6BE81C03547}.Release|Mixed Platforms.Build.0 = Release|Any CPU
		{C509AA60-7FD1-4E65-B096-B6BE81C03547}.Release|x86.ActiveCfg = Release|Any CPU
		{1B5D6E95-DFA3-4F45-B667-5A286ADEFDE9}.Debug|Any CPU.ActiveCfg = Debug|Any CPU
		{1B5D6E95-DFA3-4F45-B667-5A286ADEFDE9}.Debug|Any CPU.Build.0 = Debug|Any CPU
		{1B5D6E95-DFA3-4F45-B667-5A286ADEFDE9}.Debug|Mixed Platforms.ActiveCfg = Debug|Any CPU
		{1B5D6E95-DFA3-4F45-B667-5A286ADEFDE9}.Debug|Mixed Platforms.Build.0 = Debug|Any CPU
		{1B5D6E95-DFA3-4F45-B667-5A286ADEFDE9}.Debug|x86.ActiveCfg = Debug|Any CPU
		{1B5D6E95-DFA3-4F45-B667-5A286ADEFDE9}.Release|Any CPU.ActiveCfg = Release|Any CPU
		{1B5D6E95-DFA3-4F45-B667-5A286ADEFDE9}.Release|Any CPU.Build.0 = Release|Any CPU
		{1B5D6E95-DFA3-4F45-B667-5A286ADEFDE9}.Release|Mixed Platforms.ActiveCfg = Release|Any CPU
		{1B5D6E95-DFA3-4F45-B667-5A286ADEFDE9}.Release|Mixed Platforms.Build.0 = Release|Any CPU
		{1B5D6E95-DFA3-4F45-B667-5A286ADEFDE9}.Release|x86.ActiveCfg = Release|Any CPU
		{52F95AC6-F946-4E21-8213-A5D47061C08B}.Debug|Any CPU.ActiveCfg = Debug|Any CPU
		{52F95AC6-F946-4E21-8213-A5D47061C08B}.Debug|Any CPU.Build.0 = Debug|Any CPU
		{52F95AC6-F946-4E21-8213-A5D47061C08B}.Debug|Mixed Platforms.ActiveCfg = Debug|Any CPU
		{52F95AC6-F946-4E21-8213-A5D47061C08B}.Debug|Mixed Platforms.Build.0 = Debug|Any CPU
		{52F95AC6-F946-4E21-8213-A5D47061C08B}.Debug|x86.ActiveCfg = Debug|Any CPU
		{52F95AC6-F946-4E21-8213-A5D47061C08B}.Release|Any CPU.ActiveCfg = Release|Any CPU
		{52F95AC6-F946-4E21-8213-A5D47061C08B}.Release|Any CPU.Build.0 = Release|Any CPU
		{52F95AC6-F946-4E21-8213-A5D47061C08B}.Release|Mixed Platforms.ActiveCfg = Release|Any CPU
		{52F95AC6-F946-4E21-8213-A5D47061C08B}.Release|Mixed Platforms.Build.0 = Release|Any CPU
		{52F95AC6-F946-4E21-8213-A5D47061C08B}.Release|x86.ActiveCfg = Release|Any CPU
		{8C0097CB-1C8B-4988-A1EF-B6B826D626B2}.Debug|Any CPU.ActiveCfg = Debug|Any CPU
		{8C0097CB-1C8B-4988-A1EF-B6B826D626B2}.Debug|Any CPU.Build.0 = Debug|Any CPU
		{8C0097CB-1C8B-4988-A1EF-B6B826D626B2}.Debug|Mixed Platforms.ActiveCfg = Debug|Any CPU
		{8C0097CB-1C8B-4988-A1EF-B6B826D626B2}.Debug|Mixed Platforms.Build.0 = Debug|Any CPU
		{8C0097CB-1C8B-4988-A1EF-B6B826D626B2}.Debug|x86.ActiveCfg = Debug|Any CPU
		{8C0097CB-1C8B-4988-A1EF-B6B826D626B2}.Release|Any CPU.ActiveCfg = Release|Any CPU
		{8C0097CB-1C8B-4988-A1EF-B6B826D626B2}.Release|Any CPU.Build.0 = Release|Any CPU
		{8C0097CB-1C8B-4988-A1EF-B6B826D626B2}.Release|Mixed Platforms.ActiveCfg = Release|Any CPU
		{8C0097CB-1C8B-4988-A1EF-B6B826D626B2}.Release|Mixed Platforms.Build.0 = Release|Any CPU
		{8C0097CB-1C8B-4988-A1EF-B6B826D626B2}.Release|x86.ActiveCfg = Release|Any CPU
		{552EF5E8-3848-4EF1-B97C-AEA890478ACA}.Debug|Any CPU.ActiveCfg = Debug|Any CPU
		{552EF5E8-3848-4EF1-B97C-AEA890478ACA}.Debug|Any CPU.Build.0 = Debug|Any CPU
		{552EF5E8-3848-4EF1-B97C-AEA890478ACA}.Debug|Mixed Platforms.ActiveCfg = Debug|Any CPU
		{552EF5E8-3848-4EF1-B97C-AEA890478ACA}.Debug|Mixed Platforms.Build.0 = Debug|Any CPU
		{552EF5E8-3848-4EF1-B97C-AEA890478ACA}.Debug|x86.ActiveCfg = Debug|Any CPU
		{552EF5E8-3848-4EF1-B97C-AEA890478ACA}.Release|Any CPU.ActiveCfg = Release|Any CPU
		{552EF5E8-3848-4EF1-B97C-AEA890478ACA}.Release|Any CPU.Build.0 = Release|Any CPU
		{552EF5E8-3848-4EF1-B97C-AEA890478ACA}.Release|Mixed Platforms.ActiveCfg = Release|Any CPU
		{552EF5E8-3848-4EF1-B97C-AEA890478ACA}.Release|Mixed Platforms.Build.0 = Release|Any CPU
		{552EF5E8-3848-4EF1-B97C-AEA890478ACA}.Release|x86.ActiveCfg = Release|Any CPU
		{EB480F97-6399-4FCA-84C1-84E408742F66}.Debug|Any CPU.ActiveCfg = Debug|Any CPU
		{EB480F97-6399-4FCA-84C1-84E408742F66}.Debug|Any CPU.Build.0 = Debug|Any CPU
		{EB480F97-6399-4FCA-84C1-84E408742F66}.Debug|Mixed Platforms.ActiveCfg = Debug|Any CPU
		{EB480F97-6399-4FCA-84C1-84E408742F66}.Debug|Mixed Platforms.Build.0 = Debug|Any CPU
		{EB480F97-6399-4FCA-84C1-84E408742F66}.Debug|x86.ActiveCfg = Debug|Any CPU
		{EB480F97-6399-4FCA-84C1-84E408742F66}.Release|Any CPU.ActiveCfg = Release|Any CPU
		{EB480F97-6399-4FCA-84C1-84E408742F66}.Release|Any CPU.Build.0 = Release|Any CPU
		{EB480F97-6399-4FCA-84C1-84E408742F66}.Release|Mixed Platforms.ActiveCfg = Release|Any CPU
		{EB480F97-6399-4FCA-84C1-84E408742F66}.Release|Mixed Platforms.Build.0 = Release|Any CPU
		{EB480F97-6399-4FCA-84C1-84E408742F66}.Release|x86.ActiveCfg = Release|Any CPU
		{0676B500-9CAA-49F3-8FE2-B8FBCF545468}.Debug|Any CPU.ActiveCfg = Debug|Any CPU
		{0676B500-9CAA-49F3-8FE2-B8FBCF545468}.Debug|Any CPU.Build.0 = Debug|Any CPU
		{0676B500-9CAA-49F3-8FE2-B8FBCF545468}.Debug|Mixed Platforms.ActiveCfg = Debug|Any CPU
		{0676B500-9CAA-49F3-8FE2-B8FBCF545468}.Debug|Mixed Platforms.Build.0 = Debug|Any CPU
		{0676B500-9CAA-49F3-8FE2-B8FBCF545468}.Debug|x86.ActiveCfg = Debug|Any CPU
		{0676B500-9CAA-49F3-8FE2-B8FBCF545468}.Release|Any CPU.ActiveCfg = Release|Any CPU
		{0676B500-9CAA-49F3-8FE2-B8FBCF545468}.Release|Any CPU.Build.0 = Release|Any CPU
		{0676B500-9CAA-49F3-8FE2-B8FBCF545468}.Release|Mixed Platforms.ActiveCfg = Release|Any CPU
		{0676B500-9CAA-49F3-8FE2-B8FBCF545468}.Release|Mixed Platforms.Build.0 = Release|Any CPU
		{0676B500-9CAA-49F3-8FE2-B8FBCF545468}.Release|x86.ActiveCfg = Release|Any CPU
		{D9A710CA-E0CD-4E65-97EB-372DE3FAFDAC}.Debug|Any CPU.ActiveCfg = Debug|Any CPU
		{D9A710CA-E0CD-4E65-97EB-372DE3FAFDAC}.Debug|Any CPU.Build.0 = Debug|Any CPU
		{D9A710CA-E0CD-4E65-97EB-372DE3FAFDAC}.Debug|Mixed Platforms.ActiveCfg = Debug|Any CPU
		{D9A710CA-E0CD-4E65-97EB-372DE3FAFDAC}.Debug|Mixed Platforms.Build.0 = Debug|Any CPU
		{D9A710CA-E0CD-4E65-97EB-372DE3FAFDAC}.Debug|x86.ActiveCfg = Debug|Any CPU
		{D9A710CA-E0CD-4E65-97EB-372DE3FAFDAC}.Release|Any CPU.ActiveCfg = Release|Any CPU
		{D9A710CA-E0CD-4E65-97EB-372DE3FAFDAC}.Release|Any CPU.Build.0 = Release|Any CPU
		{D9A710CA-E0CD-4E65-97EB-372DE3FAFDAC}.Release|Mixed Platforms.ActiveCfg = Release|Any CPU
		{D9A710CA-E0CD-4E65-97EB-372DE3FAFDAC}.Release|Mixed Platforms.Build.0 = Release|Any CPU
		{D9A710CA-E0CD-4E65-97EB-372DE3FAFDAC}.Release|x86.ActiveCfg = Release|Any CPU
		{5E9C6BCD-C1F4-4958-B19D-006C3AB87337}.Debug|Any CPU.ActiveCfg = Debug|Any CPU
		{5E9C6BCD-C1F4-4958-B19D-006C3AB87337}.Debug|Any CPU.Build.0 = Debug|Any CPU
		{5E9C6BCD-C1F4-4958-B19D-006C3AB87337}.Debug|Mixed Platforms.ActiveCfg = Debug|Any CPU
		{5E9C6BCD-C1F4-4958-B19D-006C3AB87337}.Debug|Mixed Platforms.Build.0 = Debug|Any CPU
		{5E9C6BCD-C1F4-4958-B19D-006C3AB87337}.Debug|x86.ActiveCfg = Debug|Any CPU
		{5E9C6BCD-C1F4-4958-B19D-006C3AB87337}.Release|Any CPU.ActiveCfg = Release|Any CPU
		{5E9C6BCD-C1F4-4958-B19D-006C3AB87337}.Release|Any CPU.Build.0 = Release|Any CPU
		{5E9C6BCD-C1F4-4958-B19D-006C3AB87337}.Release|Mixed Platforms.ActiveCfg = Release|Any CPU
		{5E9C6BCD-C1F4-4958-B19D-006C3AB87337}.Release|Mixed Platforms.Build.0 = Release|Any CPU
		{5E9C6BCD-C1F4-4958-B19D-006C3AB87337}.Release|x86.ActiveCfg = Release|Any CPU
		{1AD91F50-D1AB-427B-AB9E-33303BA65A7F}.Debug|Any CPU.ActiveCfg = Debug|Any CPU
		{1AD91F50-D1AB-427B-AB9E-33303BA65A7F}.Debug|Any CPU.Build.0 = Debug|Any CPU
		{1AD91F50-D1AB-427B-AB9E-33303BA65A7F}.Debug|Mixed Platforms.ActiveCfg = Debug|Any CPU
		{1AD91F50-D1AB-427B-AB9E-33303BA65A7F}.Debug|Mixed Platforms.Build.0 = Debug|Any CPU
		{1AD91F50-D1AB-427B-AB9E-33303BA65A7F}.Debug|x86.ActiveCfg = Debug|Any CPU
		{1AD91F50-D1AB-427B-AB9E-33303BA65A7F}.Release|Any CPU.ActiveCfg = Release|Any CPU
		{1AD91F50-D1AB-427B-AB9E-33303BA65A7F}.Release|Any CPU.Build.0 = Release|Any CPU
		{1AD91F50-D1AB-427B-AB9E-33303BA65A7F}.Release|Mixed Platforms.ActiveCfg = Release|Any CPU
		{1AD91F50-D1AB-427B-AB9E-33303BA65A7F}.Release|Mixed Platforms.Build.0 = Release|Any CPU
		{1AD91F50-D1AB-427B-AB9E-33303BA65A7F}.Release|x86.ActiveCfg = Release|Any CPU
		{00D8339A-0F1E-435C-BDD9-50D08C846BD9}.Debug|Any CPU.ActiveCfg = Debug|Any CPU
		{00D8339A-0F1E-435C-BDD9-50D08C846BD9}.Debug|Any CPU.Build.0 = Debug|Any CPU
		{00D8339A-0F1E-435C-BDD9-50D08C846BD9}.Debug|Mixed Platforms.ActiveCfg = Debug|Any CPU
		{00D8339A-0F1E-435C-BDD9-50D08C846BD9}.Debug|Mixed Platforms.Build.0 = Debug|Any CPU
		{00D8339A-0F1E-435C-BDD9-50D08C846BD9}.Debug|x86.ActiveCfg = Debug|Any CPU
		{00D8339A-0F1E-435C-BDD9-50D08C846BD9}.Release|Any CPU.ActiveCfg = Release|Any CPU
		{00D8339A-0F1E-435C-BDD9-50D08C846BD9}.Release|Any CPU.Build.0 = Release|Any CPU
		{00D8339A-0F1E-435C-BDD9-50D08C846BD9}.Release|Mixed Platforms.ActiveCfg = Release|Any CPU
		{00D8339A-0F1E-435C-BDD9-50D08C846BD9}.Release|Mixed Platforms.Build.0 = Release|Any CPU
		{00D8339A-0F1E-435C-BDD9-50D08C846BD9}.Release|x86.ActiveCfg = Release|Any CPU
		{5244BE6D-39E2-4F63-8C4F-C1A7F2625A8A}.Debug|Any CPU.ActiveCfg = Debug|Any CPU
		{5244BE6D-39E2-4F63-8C4F-C1A7F2625A8A}.Debug|Any CPU.Build.0 = Debug|Any CPU
		{5244BE6D-39E2-4F63-8C4F-C1A7F2625A8A}.Debug|Mixed Platforms.ActiveCfg = Debug|Any CPU
		{5244BE6D-39E2-4F63-8C4F-C1A7F2625A8A}.Debug|Mixed Platforms.Build.0 = Debug|Any CPU
		{5244BE6D-39E2-4F63-8C4F-C1A7F2625A8A}.Debug|x86.ActiveCfg = Debug|Any CPU
		{5244BE6D-39E2-4F63-8C4F-C1A7F2625A8A}.Release|Any CPU.ActiveCfg = Release|Any CPU
		{5244BE6D-39E2-4F63-8C4F-C1A7F2625A8A}.Release|Any CPU.Build.0 = Release|Any CPU
		{5244BE6D-39E2-4F63-8C4F-C1A7F2625A8A}.Release|Mixed Platforms.ActiveCfg = Release|Any CPU
		{5244BE6D-39E2-4F63-8C4F-C1A7F2625A8A}.Release|Mixed Platforms.Build.0 = Release|Any CPU
		{5244BE6D-39E2-4F63-8C4F-C1A7F2625A8A}.Release|x86.ActiveCfg = Release|Any CPU
		{EEE66253-F034-4CA1-A301-FCB52DAB2D78}.Debug|Any CPU.ActiveCfg = Debug|Any CPU
		{EEE66253-F034-4CA1-A301-FCB52DAB2D78}.Debug|Any CPU.Build.0 = Debug|Any CPU
		{EEE66253-F034-4CA1-A301-FCB52DAB2D78}.Debug|Mixed Platforms.ActiveCfg = Debug|Any CPU
		{EEE66253-F034-4CA1-A301-FCB52DAB2D78}.Debug|Mixed Platforms.Build.0 = Debug|Any CPU
		{EEE66253-F034-4CA1-A301-FCB52DAB2D78}.Debug|x86.ActiveCfg = Debug|Any CPU
		{EEE66253-F034-4CA1-A301-FCB52DAB2D78}.Release|Any CPU.ActiveCfg = Release|Any CPU
		{EEE66253-F034-4CA1-A301-FCB52DAB2D78}.Release|Any CPU.Build.0 = Release|Any CPU
		{EEE66253-F034-4CA1-A301-FCB52DAB2D78}.Release|Mixed Platforms.ActiveCfg = Release|Any CPU
		{EEE66253-F034-4CA1-A301-FCB52DAB2D78}.Release|Mixed Platforms.Build.0 = Release|Any CPU
		{EEE66253-F034-4CA1-A301-FCB52DAB2D78}.Release|x86.ActiveCfg = Release|Any CPU
		{E54E5C6C-D59E-46A6-9A5C-659BC8EBE720}.Debug|Any CPU.ActiveCfg = Debug|Any CPU
		{E54E5C6C-D59E-46A6-9A5C-659BC8EBE720}.Debug|Any CPU.Build.0 = Debug|Any CPU
		{E54E5C6C-D59E-46A6-9A5C-659BC8EBE720}.Debug|Mixed Platforms.ActiveCfg = Debug|Any CPU
		{E54E5C6C-D59E-46A6-9A5C-659BC8EBE720}.Debug|Mixed Platforms.Build.0 = Debug|Any CPU
		{E54E5C6C-D59E-46A6-9A5C-659BC8EBE720}.Debug|x86.ActiveCfg = Debug|Any CPU
		{E54E5C6C-D59E-46A6-9A5C-659BC8EBE720}.Release|Any CPU.ActiveCfg = Release|Any CPU
		{E54E5C6C-D59E-46A6-9A5C-659BC8EBE720}.Release|Any CPU.Build.0 = Release|Any CPU
		{E54E5C6C-D59E-46A6-9A5C-659BC8EBE720}.Release|Mixed Platforms.ActiveCfg = Release|Any CPU
		{E54E5C6C-D59E-46A6-9A5C-659BC8EBE720}.Release|Mixed Platforms.Build.0 = Release|Any CPU
		{E54E5C6C-D59E-46A6-9A5C-659BC8EBE720}.Release|x86.ActiveCfg = Release|Any CPU
		{A91939EF-9FAD-4391-B6E2-4D317B442016}.Debug|Any CPU.ActiveCfg = Debug|Any CPU
		{A91939EF-9FAD-4391-B6E2-4D317B442016}.Debug|Any CPU.Build.0 = Debug|Any CPU
		{A91939EF-9FAD-4391-B6E2-4D317B442016}.Debug|Mixed Platforms.ActiveCfg = Debug|Any CPU
		{A91939EF-9FAD-4391-B6E2-4D317B442016}.Debug|Mixed Platforms.Build.0 = Debug|Any CPU
		{A91939EF-9FAD-4391-B6E2-4D317B442016}.Debug|x86.ActiveCfg = Debug|Any CPU
		{A91939EF-9FAD-4391-B6E2-4D317B442016}.Release|Any CPU.ActiveCfg = Release|Any CPU
		{A91939EF-9FAD-4391-B6E2-4D317B442016}.Release|Any CPU.Build.0 = Release|Any CPU
		{A91939EF-9FAD-4391-B6E2-4D317B442016}.Release|Mixed Platforms.ActiveCfg = Release|Any CPU
		{A91939EF-9FAD-4391-B6E2-4D317B442016}.Release|Mixed Platforms.Build.0 = Release|Any CPU
		{A91939EF-9FAD-4391-B6E2-4D317B442016}.Release|x86.ActiveCfg = Release|Any CPU
	EndGlobalSection
	GlobalSection(SolutionProperties) = preSolution
		HideSolutionNode = FALSE
	EndGlobalSection
	GlobalSection(NestedProjects) = preSolution
		{0F897FE1-16AB-4F39-B64B-C9B451D699EE} = {3626A9C4-EDCA-4C11-BBC0-4B5439B824B6}
		{C509AA60-7FD1-4E65-B096-B6BE81C03547} = {0F897FE1-16AB-4F39-B64B-C9B451D699EE}
		{1B5D6E95-DFA3-4F45-B667-5A286ADEFDE9} = {0F897FE1-16AB-4F39-B64B-C9B451D699EE}
		{E497CF3F-A8C0-41B0-9A5D-4E67E3A87181} = {7C0E8AA8-8BF6-4351-B5A5-14CCA156AB2C}
		{52F95AC6-F946-4E21-8213-A5D47061C08B} = {E497CF3F-A8C0-41B0-9A5D-4E67E3A87181}
		{8C0097CB-1C8B-4988-A1EF-B6B826D626B2} = {E497CF3F-A8C0-41B0-9A5D-4E67E3A87181}
		{EEB9773B-40EB-40F8-9E22-4988A710A92A} = {7C0E8AA8-8BF6-4351-B5A5-14CCA156AB2C}
		{552EF5E8-3848-4EF1-B97C-AEA890478ACA} = {EEB9773B-40EB-40F8-9E22-4988A710A92A}
		{EB480F97-6399-4FCA-84C1-84E408742F66} = {B4F73EDC-A523-48F7-97E3-EB5B88F242A1}
		{0676B500-9CAA-49F3-8FE2-B8FBCF545468} = {B4F73EDC-A523-48F7-97E3-EB5B88F242A1}
		{D9A710CA-E0CD-4E65-97EB-372DE3FAFDAC} = {6625F8F7-79A6-4BEE-8191-68260AF869F9}
		{5E9C6BCD-C1F4-4958-B19D-006C3AB87337} = {B81E35DB-F95A-45B3-8EEE-A0484030E753}
		{1AD91F50-D1AB-427B-AB9E-33303BA65A7F} = {B81E35DB-F95A-45B3-8EEE-A0484030E753}
		{00D8339A-0F1E-435C-BDD9-50D08C846BD9} = {B81E35DB-F95A-45B3-8EEE-A0484030E753}
		{5244BE6D-39E2-4F63-8C4F-C1A7F2625A8A} = {B81E35DB-F95A-45B3-8EEE-A0484030E753}
		{902F0B77-FC44-4880-9141-428276683186} = {A5DD2061-D784-4640-8ADD-CFE763378A4A}
		{EEE66253-F034-4CA1-A301-FCB52DAB2D78} = {902F0B77-FC44-4880-9141-428276683186}
		{E54E5C6C-D59E-46A6-9A5C-659BC8EBE720} = {902F0B77-FC44-4880-9141-428276683186}
		{A91939EF-9FAD-4391-B6E2-4D317B442016} = {902F0B77-FC44-4880-9141-428276683186}
	EndGlobalSection
EndGlobal
